
Microsoft Visual Studio Solution File, Format Version 12.00
# Visual Studio Version 16
VisualStudioVersion = 16.0.29613.14
MinimumVisualStudioVersion = 10.0.40219.1
Project("{FAE04EC0-301F-11D3-BF4B-00C04F79EFBC}") = "ASE_Assignment", "ASE_Assignment\ASE_Assignment.csproj", "{06DBBAC0-AB90-4503-B4F1-E00C19F8E92B}"
EndProject
Project("{FAE04EC0-301F-11D3-BF4B-00C04F79EFBC}") = "ASE_AssignmentTests", "ASE_AssignmentTests\ASE_AssignmentTests.csproj", "{59F8CCC6-F6AF-4B0B-B60D-49CB08BA6515}"
EndProject
Global
	GlobalSection(SolutionConfigurationPlatforms) = preSolution
		Debug|Any CPU = Debug|Any CPU
		Release|Any CPU = Release|Any CPU
	EndGlobalSection
	GlobalSection(ProjectConfigurationPlatforms) = postSolution
		{06DBBAC0-AB90-4503-B4F1-E00C19F8E92B}.Debug|Any CPU.ActiveCfg = Debug|Any CPU
		{06DBBAC0-AB90-4503-B4F1-E00C19F8E92B}.Debug|Any CPU.Build.0 = Debug|Any CPU
		{06DBBAC0-AB90-4503-B4F1-E00C19F8E92B}.Release|Any CPU.ActiveCfg = Release|Any CPU
		{06DBBAC0-AB90-4503-B4F1-E00C19F8E92B}.Release|Any CPU.Build.0 = Release|Any CPU
		{59F8CCC6-F6AF-4B0B-B60D-49CB08BA6515}.Debug|Any CPU.ActiveCfg = Debug|Any CPU
		{59F8CCC6-F6AF-4B0B-B60D-49CB08BA6515}.Debug|Any CPU.Build.0 = Debug|Any CPU
		{59F8CCC6-F6AF-4B0B-B60D-49CB08BA6515}.Release|Any CPU.ActiveCfg = Release|Any CPU
		{59F8CCC6-F6AF-4B0B-B60D-49CB08BA6515}.Release|Any CPU.Build.0 = Release|Any CPU
	EndGlobalSection
	GlobalSection(SolutionProperties) = preSolution
		HideSolutionNode = FALSE
	EndGlobalSection
	GlobalSection(ExtensibilityGlobals) = postSolution
		SolutionGuid = {559015BA-A518-4963-BAFC-DC5547D277B5}
	EndGlobalSection
EndGlobal
